
Microsoft Visual Studio Solution File, Format Version 12.00
# Visual Studio 15
VisualStudioVersion = 15.0.27428.2005
MinimumVisualStudioVersion = 10.0.40219.1
Project("{FAE04EC0-301F-11D3-BF4B-00C04F79EFBC}") = "NullObject", "ConsoleApp1\NullObject.csproj", "{6D3EA990-8EBE-49F6-B4DC-7D8F97301FF5}"
EndProject
Project("{9A19103F-16F7-4668-BE54-9A1E7A4F7556}") = "SOLID", "2.SOLID\SOLID\SOLID.csproj", "{CCB7729E-D2C0-4CD1-8579-7B6B653CDFF3}"
EndProject
Project("{9A19103F-16F7-4668-BE54-9A1E7A4F7556}") = "Builder", "3.Builder\Builder\Builder.csproj", "{A2ADD945-6621-4D8D-B8D8-A3BA58E041B7}"
EndProject
Project("{9A19103F-16F7-4668-BE54-9A1E7A4F7556}") = "Prototype", "4.Prototype\Prototype\Prototype.csproj", "{BEBBF5A4-2B5B-436C-9273-AAAB2A68CA69}"
EndProject
Project("{9A19103F-16F7-4668-BE54-9A1E7A4F7556}") = "Adapter", "Adapter\Adapter.csproj", "{FA0CB8EE-AD61-4AC9-BBA0-D96118479D8D}"
EndProject
Project("{9A19103F-16F7-4668-BE54-9A1E7A4F7556}") = "Bridge", "Bridge\Bridge.csproj", "{69453DD2-7897-43E4-AAC8-ABF7BE6B6F5D}"
EndProject
Project("{9A19103F-16F7-4668-BE54-9A1E7A4F7556}") = "Composite", "Composite\Composite.csproj", "{7E7D4FD6-1FD2-49E4-8939-70C9ABE303D4}"
EndProject
Project("{9A19103F-16F7-4668-BE54-9A1E7A4F7556}") = "Decorator", "Decorator\Decorator.csproj", "{B4E670BF-BE3D-4F4B-82FD-1C9F0D253102}"
EndProject
Project("{9A19103F-16F7-4668-BE54-9A1E7A4F7556}") = "Facade", "Facade\Facade\Facade.csproj", "{D1AC50DF-A3DD-43E5-834E-3D4D66003DAE}"
EndProject
Project("{9A19103F-16F7-4668-BE54-9A1E7A4F7556}") = "Proxy", "Proxy\Proxy\Proxy.csproj", "{D3C033D6-E428-4E23-8F7D-CC815A1E66BD}"
EndProject
Project("{9A19103F-16F7-4668-BE54-9A1E7A4F7556}") = "ChainOfResp", "ChainOfResponsibility\ChainOfResp\ChainOfResp.csproj", "{CC99A59F-228D-4309-8700-0839D1A49FC9}"
EndProject
Project("{FAE04EC0-301F-11D3-BF4B-00C04F79EFBC}") = "Command", "Command\Command\Command.csproj", "{0D534FF1-2517-452D-A82C-B7440C946A03}"
EndProject
Global
	GlobalSection(SolutionConfigurationPlatforms) = preSolution
		Debug|Any CPU = Debug|Any CPU
		Release|Any CPU = Release|Any CPU
	EndGlobalSection
	GlobalSection(ProjectConfigurationPlatforms) = postSolution
		{6D3EA990-8EBE-49F6-B4DC-7D8F97301FF5}.Debug|Any CPU.ActiveCfg = Debug|Any CPU
		{6D3EA990-8EBE-49F6-B4DC-7D8F97301FF5}.Debug|Any CPU.Build.0 = Debug|Any CPU
		{6D3EA990-8EBE-49F6-B4DC-7D8F97301FF5}.Release|Any CPU.ActiveCfg = Release|Any CPU
		{6D3EA990-8EBE-49F6-B4DC-7D8F97301FF5}.Release|Any CPU.Build.0 = Release|Any CPU
		{CCB7729E-D2C0-4CD1-8579-7B6B653CDFF3}.Debug|Any CPU.ActiveCfg = Debug|Any CPU
		{CCB7729E-D2C0-4CD1-8579-7B6B653CDFF3}.Debug|Any CPU.Build.0 = Debug|Any CPU
		{CCB7729E-D2C0-4CD1-8579-7B6B653CDFF3}.Release|Any CPU.ActiveCfg = Release|Any CPU
		{CCB7729E-D2C0-4CD1-8579-7B6B653CDFF3}.Release|Any CPU.Build.0 = Release|Any CPU
		{A2ADD945-6621-4D8D-B8D8-A3BA58E041B7}.Debug|Any CPU.ActiveCfg = Debug|Any CPU
		{A2ADD945-6621-4D8D-B8D8-A3BA58E041B7}.Debug|Any CPU.Build.0 = Debug|Any CPU
		{A2ADD945-6621-4D8D-B8D8-A3BA58E041B7}.Release|Any CPU.ActiveCfg = Release|Any CPU
		{A2ADD945-6621-4D8D-B8D8-A3BA58E041B7}.Release|Any CPU.Build.0 = Release|Any CPU
		{BEBBF5A4-2B5B-436C-9273-AAAB2A68CA69}.Debug|Any CPU.ActiveCfg = Debug|Any CPU
		{BEBBF5A4-2B5B-436C-9273-AAAB2A68CA69}.Debug|Any CPU.Build.0 = Debug|Any CPU
		{BEBBF5A4-2B5B-436C-9273-AAAB2A68CA69}.Release|Any CPU.ActiveCfg = Release|Any CPU
		{BEBBF5A4-2B5B-436C-9273-AAAB2A68CA69}.Release|Any CPU.Build.0 = Release|Any CPU
		{FA0CB8EE-AD61-4AC9-BBA0-D96118479D8D}.Debug|Any CPU.ActiveCfg = Debug|Any CPU
		{FA0CB8EE-AD61-4AC9-BBA0-D96118479D8D}.Debug|Any CPU.Build.0 = Debug|Any CPU
		{FA0CB8EE-AD61-4AC9-BBA0-D96118479D8D}.Release|Any CPU.ActiveCfg = Release|Any CPU
		{FA0CB8EE-AD61-4AC9-BBA0-D96118479D8D}.Release|Any CPU.Build.0 = Release|Any CPU
		{69453DD2-7897-43E4-AAC8-ABF7BE6B6F5D}.Debug|Any CPU.ActiveCfg = Debug|Any CPU
		{69453DD2-7897-43E4-AAC8-ABF7BE6B6F5D}.Debug|Any CPU.Build.0 = Debug|Any CPU
		{69453DD2-7897-43E4-AAC8-ABF7BE6B6F5D}.Release|Any CPU.ActiveCfg = Release|Any CPU
		{69453DD2-7897-43E4-AAC8-ABF7BE6B6F5D}.Release|Any CPU.Build.0 = Release|Any CPU
		{7E7D4FD6-1FD2-49E4-8939-70C9ABE303D4}.Debug|Any CPU.ActiveCfg = Debug|Any CPU
		{7E7D4FD6-1FD2-49E4-8939-70C9ABE303D4}.Debug|Any CPU.Build.0 = Debug|Any CPU
		{7E7D4FD6-1FD2-49E4-8939-70C9ABE303D4}.Release|Any CPU.ActiveCfg = Release|Any CPU
		{7E7D4FD6-1FD2-49E4-8939-70C9ABE303D4}.Release|Any CPU.Build.0 = Release|Any CPU
		{B4E670BF-BE3D-4F4B-82FD-1C9F0D253102}.Debug|Any CPU.ActiveCfg = Debug|Any CPU
		{B4E670BF-BE3D-4F4B-82FD-1C9F0D253102}.Debug|Any CPU.Build.0 = Debug|Any CPU
		{B4E670BF-BE3D-4F4B-82FD-1C9F0D253102}.Release|Any CPU.ActiveCfg = Release|Any CPU
		{B4E670BF-BE3D-4F4B-82FD-1C9F0D253102}.Release|Any CPU.Build.0 = Release|Any CPU
		{D1AC50DF-A3DD-43E5-834E-3D4D66003DAE}.Debug|Any CPU.ActiveCfg = Debug|Any CPU
		{D1AC50DF-A3DD-43E5-834E-3D4D66003DAE}.Debug|Any CPU.Build.0 = Debug|Any CPU
		{D1AC50DF-A3DD-43E5-834E-3D4D66003DAE}.Release|Any CPU.ActiveCfg = Release|Any CPU
		{D1AC50DF-A3DD-43E5-834E-3D4D66003DAE}.Release|Any CPU.Build.0 = Release|Any CPU
		{D3C033D6-E428-4E23-8F7D-CC815A1E66BD}.Debug|Any CPU.ActiveCfg = Debug|Any CPU
		{D3C033D6-E428-4E23-8F7D-CC815A1E66BD}.Debug|Any CPU.Build.0 = Debug|Any CPU
		{D3C033D6-E428-4E23-8F7D-CC815A1E66BD}.Release|Any CPU.ActiveCfg = Release|Any CPU
		{D3C033D6-E428-4E23-8F7D-CC815A1E66BD}.Release|Any CPU.Build.0 = Release|Any CPU
		{CC99A59F-228D-4309-8700-0839D1A49FC9}.Debug|Any CPU.ActiveCfg = Debug|Any CPU
		{CC99A59F-228D-4309-8700-0839D1A49FC9}.Debug|Any CPU.Build.0 = Debug|Any CPU
		{CC99A59F-228D-4309-8700-0839D1A49FC9}.Release|Any CPU.ActiveCfg = Release|Any CPU
		{CC99A59F-228D-4309-8700-0839D1A49FC9}.Release|Any CPU.Build.0 = Release|Any CPU
		{0D534FF1-2517-452D-A82C-B7440C946A03}.Debug|Any CPU.ActiveCfg = Debug|Any CPU
		{0D534FF1-2517-452D-A82C-B7440C946A03}.Debug|Any CPU.Build.0 = Debug|Any CPU
		{0D534FF1-2517-452D-A82C-B7440C946A03}.Release|Any CPU.ActiveCfg = Release|Any CPU
		{0D534FF1-2517-452D-A82C-B7440C946A03}.Release|Any CPU.Build.0 = Release|Any CPU
	EndGlobalSection
	GlobalSection(SolutionProperties) = preSolution
		HideSolutionNode = FALSE
	EndGlobalSection
	GlobalSection(ExtensibilityGlobals) = postSolution
		SolutionGuid = {AE2433EB-4CED-49A9-B3AF-F8417690825A}
	EndGlobalSection
EndGlobal
